
Microsoft Visual Studio Solution File, Format Version 12.00
# Visual Studio 15
VisualStudioVersion = 15.0.27428.2043
MinimumVisualStudioVersion = 10.0.40219.1
Project("{FAE04EC0-301F-11D3-BF4B-00C04F79EFBC}") = "ServicePropertie", "ServicePropertie\ServicePropertie.csproj", "{5A9FAA77-F751-4761-A0D0-BC3F6E8D3ADF}"
EndProject
Global
	GlobalSection(SolutionConfigurationPlatforms) = preSolution
		Debug|Any CPU = Debug|Any CPU
		Release|Any CPU = Release|Any CPU
	EndGlobalSection
	GlobalSection(ProjectConfigurationPlatforms) = postSolution
		{5A9FAA77-F751-4761-A0D0-BC3F6E8D3ADF}.Debug|Any CPU.ActiveCfg = Debug|Any CPU
		{5A9FAA77-F751-4761-A0D0-BC3F6E8D3ADF}.Debug|Any CPU.Build.0 = Debug|Any CPU
		{5A9FAA77-F751-4761-A0D0-BC3F6E8D3ADF}.Release|Any CPU.ActiveCfg = Release|Any CPU
		{5A9FAA77-F751-4761-A0D0-BC3F6E8D3ADF}.Release|Any CPU.Build.0 = Release|Any CPU
	EndGlobalSection
	GlobalSection(SolutionProperties) = preSolution
		HideSolutionNode = FALSE
	EndGlobalSection
	GlobalSection(ExtensibilityGlobals) = postSolution
		SolutionGuid = {F384FCDB-B8D2-4237-BB79-4F350AE3888F}
	EndGlobalSection
EndGlobal
